
Microsoft Visual Studio Solution File, Format Version 12.00
# Visual Studio Version 17
VisualStudioVersion = 17.14.36327.8 d17.14
MinimumVisualStudioVersion = 10.0.40219.1
Project("{FAE04EC0-301F-11D3-BF4B-00C04F79EFBC}") = "SingleResponsibility", "SingleResponsibility.csproj", "{C1A650B9-8B0A-4454-96A8-3C9E327DC094}"
EndProject
Global
	GlobalSection(SolutionConfigurationPlatforms) = preSolution
		Debug|Any CPU = Debug|Any CPU
		Release|Any CPU = Release|Any CPU
	EndGlobalSection
	GlobalSection(ProjectConfigurationPlatforms) = postSolution
		{C1A650B9-8B0A-4454-96A8-3C9E327DC094}.Debug|Any CPU.ActiveCfg = Debug|Any CPU
		{C1A650B9-8B0A-4454-96A8-3C9E327DC094}.Debug|Any CPU.Build.0 = Debug|Any CPU
		{C1A650B9-8B0A-4454-96A8-3C9E327DC094}.Release|Any CPU.ActiveCfg = Release|Any CPU
		{C1A650B9-8B0A-4454-96A8-3C9E327DC094}.Release|Any CPU.Build.0 = Release|Any CPU
	EndGlobalSection
	GlobalSection(SolutionProperties) = preSolution
		HideSolutionNode = FALSE
	EndGlobalSection
	GlobalSection(ExtensibilityGlobals) = postSolution
		SolutionGuid = {10381E4D-66D9-4D44-A1ED-35681034E26D}
	EndGlobalSection
EndGlobal
