
Microsoft Visual Studio Solution File, Format Version 12.00
# Visual Studio Version 17
VisualStudioVersion = 17.14.36327.8
MinimumVisualStudioVersion = 10.0.40219.1
Project("{2150E333-8FDC-42A3-9474-1A3956D46DE8}") = "SOLID", "SOLID", "{02EA681E-C7D8-13C7-8484-4AC65E1B71E8}"
EndProject
Project("{2150E333-8FDC-42A3-9474-1A3956D46DE8}") = "DesignPatterns", "DesignPatterns", "{49A8F4E5-0D64-4D2A-8998-3A5AE0381ECD}"
EndProject
Project("{2150E333-8FDC-42A3-9474-1A3956D46DE8}") = "SRP(Single-Responsibility-Principle)", "SRP(Single-Responsibility-Principle)", "{3F951A66-518C-418F-B731-7BCB58104F22}"
EndProject
Project("{2150E333-8FDC-42A3-9474-1A3956D46DE8}") = "OCP(Open-Closed-Principle)", "OCP(Open-Closed-Principle)", "{F4473A05-4485-49F9-B532-8B9801F2EAC1}"
EndProject
Project("{2150E333-8FDC-42A3-9474-1A3956D46DE8}") = "LSP(Liskov-Substitution-Principle)", "LSP(Liskov-Substitution-Principle)", "{29AA4232-936A-4C11-B529-5F141C8DE47A}"
EndProject
Project("{2150E333-8FDC-42A3-9474-1A3956D46DE8}") = "ISP(Interface-Segregation-Principle)", "ISP(Interface-Segregation-Principle)", "{8750D52B-BBDD-4AA5-83A9-63C5C836135F}"
EndProject
Project("{2150E333-8FDC-42A3-9474-1A3956D46DE8}") = "DIP(Dependency-Inversion-Principle)", "DIP(Dependency-Inversion-Principle)", "{0EB6414E-E455-4CAD-B5CF-FA12F75A3764}"
EndProject
Project("{FAE04EC0-301F-11D3-BF4B-00C04F79EFBC}") = "DIP-App", "SOLID\DIP(Dependency-Inversion-Principle)\DIP-App\DIP-App.csproj", "{1A2FECEF-AA45-EAF2-0812-C73E9014183E}"
EndProject
Project("{FAE04EC0-301F-11D3-BF4B-00C04F79EFBC}") = "DIP-Implementation", "SOLID\DIP(Dependency-Inversion-Principle)\DIP-Implementation\DIP-Implementation.csproj", "{9FA6083A-5ACC-09C5-E1B0-D344C55ED4A2}"
EndProject
Project("{FAE04EC0-301F-11D3-BF4B-00C04F79EFBC}") = "DIP-Tests", "SOLID\DIP(Dependency-Inversion-Principle)\DIP-Tests\DIP-Tests.csproj", "{7B756D09-3286-6221-059E-6F1BDE6192AA}"
EndProject
Project("{FAE04EC0-301F-11D3-BF4B-00C04F79EFBC}") = "DIP-Violation", "SOLID\DIP(Dependency-Inversion-Principle)\DIP-Violation\DIP-Violation.csproj", "{E6B6D802-7FD8-3893-BF38-99A3E22BF0D9}"
EndProject
Project("{FAE04EC0-301F-11D3-BF4B-00C04F79EFBC}") = "ISP-App", "SOLID\ISP(Interface-Segregation-Principle)\ISP-App\ISP-App.csproj", "{8F588F47-EECC-3F6D-3C85-C8D5F05E4D58}"
EndProject
Project("{FAE04EC0-301F-11D3-BF4B-00C04F79EFBC}") = "ISP-Implementation", "SOLID\ISP(Interface-Segregation-Principle)\ISP-Implementation\ISP-Implementation.csproj", "{952A0CEE-61B7-F98F-4206-A57D1B35D8C5}"
EndProject
Project("{FAE04EC0-301F-11D3-BF4B-00C04F79EFBC}") = "ISP-Tests", "SOLID\ISP(Interface-Segregation-Principle)\ISP-Tests\ISP-Tests.csproj", "{A4FE82A9-2AD7-D687-9EB1-608704FBB5B4}"
EndProject
Project("{FAE04EC0-301F-11D3-BF4B-00C04F79EFBC}") = "ISP-Violation", "SOLID\ISP(Interface-Segregation-Principle)\ISP-Violation\ISP-Violation.csproj", "{2A3A8B36-E33A-45A8-2D73-CF587DEC13FD}"
EndProject
Project("{FAE04EC0-301F-11D3-BF4B-00C04F79EFBC}") = "LSP-App", "SOLID\LSP(Liskov-Substitution-Principle)\LSP-App\LSP-App.csproj", "{FFF41E8E-A5BB-0BBD-E449-5E4FB9F0E991}"
EndProject
Project("{FAE04EC0-301F-11D3-BF4B-00C04F79EFBC}") = "LSP-Implementation", "SOLID\LSP(Liskov-Substitution-Principle)\LSP-Implementation\LSP-Implementation.csproj", "{C96E7756-1A9D-FEC2-ACB7-F466CD5BA11E}"
EndProject
Project("{FAE04EC0-301F-11D3-BF4B-00C04F79EFBC}") = "LSP-Tests", "SOLID\LSP(Liskov-Substitution-Principle)\LSP-Tests\LSP-Tests.csproj", "{FB412AED-2D7E-9802-B519-101E5A9DEDCF}"
EndProject
Project("{FAE04EC0-301F-11D3-BF4B-00C04F79EFBC}") = "LSP-Violation", "SOLID\LSP(Liskov-Substitution-Principle)\LSP-Violation\LSP-Violation.csproj", "{A9B6C09F-7D5B-9FBF-D4C9-7FE34E92FB9B}"
EndProject
Project("{FAE04EC0-301F-11D3-BF4B-00C04F79EFBC}") = "OCP-Implementation", "SOLID\OCP(Open-Closed-Principle)\OCP-Implementation\OCP-Implementation.csproj", "{1465E7AE-E023-A70C-0BD7-ADDBDDDB19DB}"
EndProject
Project("{FAE04EC0-301F-11D3-BF4B-00C04F79EFBC}") = "OCP-Tests", "SOLID\OCP(Open-Closed-Principle)\OCP-Tests\OCP-Tests.csproj", "{2EABEE6C-83B3-7F8A-B732-3D3515291353}"
EndProject
Project("{FAE04EC0-301F-11D3-BF4B-00C04F79EFBC}") = "OCP-Violation", "SOLID\OCP(Open-Closed-Principle)\OCP-Violation\OCP-Violation.csproj", "{68FAD4BA-9CA2-C8BE-2FFD-5AEF522ED588}"
EndProject
Project("{FAE04EC0-301F-11D3-BF4B-00C04F79EFBC}") = "SRP_Tests", "SOLID\SRP(Single-Responsibility-Principle)\SRP_Tests\SRP_Tests.csproj", "{2D34095D-B6F5-6FD5-64C7-A69939DB969E}"
EndProject
Project("{FAE04EC0-301F-11D3-BF4B-00C04F79EFBC}") = "SRP-Implementation", "SOLID\SRP(Single-Responsibility-Principle)\SRP-Implementation\SRP-Implementation.csproj", "{3A6ECA33-BEC1-213F-3AB1-5B3084773F13}"
EndProject
Project("{FAE04EC0-301F-11D3-BF4B-00C04F79EFBC}") = "SRP-Violation", "SOLID\SRP(Single-Responsibility-Principle)\SRP-Violation\SRP-Violation.csproj", "{232994E1-2AEB-A997-836D-CDAD908367C7}"
EndProject
Project("{2150E333-8FDC-42A3-9474-1A3956D46DE8}") = "Creational", "Creational", "{F84D2B42-C47F-4A0D-A9A2-B8733FCD691F}"
EndProject
Project("{2150E333-8FDC-42A3-9474-1A3956D46DE8}") = "Structural", "Structural", "{93B12365-B601-455D-8BDC-5781D2D79E99}"
EndProject
Project("{2150E333-8FDC-42A3-9474-1A3956D46DE8}") = "Singleton", "Singleton", "{E6D84409-31CD-4E8A-B347-BD45B82B50A2}"
EndProject
Project("{2150E333-8FDC-42A3-9474-1A3956D46DE8}") = "FactoryMethod", "FactoryMethod", "{DB5A966F-9BC9-4C79-AC33-D4AEFE1317FF}"
EndProject
Project("{2150E333-8FDC-42A3-9474-1A3956D46DE8}") = "AbstractFactory", "AbstractFactory", "{40BB4DA0-CDFB-4353-8877-3EBBC7C898F4}"
EndProject
Project("{2150E333-8FDC-42A3-9474-1A3956D46DE8}") = "Builder", "Builder", "{01B54D38-0B2B-4349-8B0A-75379C72060D}"
EndProject
Project("{2150E333-8FDC-42A3-9474-1A3956D46DE8}") = "Prototype", "Prototype", "{1CDA1660-A7F5-4D22-8CFF-30D660256AFE}"
EndProject
Project("{FAE04EC0-301F-11D3-BF4B-00C04F79EFBC}") = "Singleton-Violation", "DesignPatterns\Creational\Singleton\Singleton-Violation\Singleton-Violation.csproj", "{A5536047-7683-47D2-9945-171C048DA042}"
EndProject
Project("{FAE04EC0-301F-11D3-BF4B-00C04F79EFBC}") = "Singleton-Implementation", "DesignPatterns\Creational\Singleton\Singleton-Implementation\Singleton-Implementation.csproj", "{8460805A-FC4A-C390-BF4F-37950E876118}"
EndProject
Project("{FAE04EC0-301F-11D3-BF4B-00C04F79EFBC}") = "SingletonApp", "DesignPatterns\Creational\Singleton\SingletonApp\SingletonApp.csproj", "{F76F5233-AB12-5CC7-EF3A-D14142A7682E}"
EndProject
Project("{FAE04EC0-301F-11D3-BF4B-00C04F79EFBC}") = "AppLoggerTests", "DesignPatterns\Creational\Singleton\AppLoggerTests\AppLoggerTests.csproj", "{BA291759-AD23-8CA0-B1F4-AF5EF840EC74}"
EndProject
Project("{FAE04EC0-301F-11D3-BF4B-00C04F79EFBC}") = "Prototype-App", "DesignPatterns\Creational\Prototype\Prototype-App\Prototype-App.csproj", "{F385FA33-0B46-0A54-6C70-0F04EF20BC8A}"
EndProject
Project("{FAE04EC0-301F-11D3-BF4B-00C04F79EFBC}") = "Prototype-Implementation", "DesignPatterns\Creational\Prototype\Prototype-Implementation\Prototype-Implementation.csproj", "{BB9FFC7A-E16A-B004-8213-F603B188A635}"
EndProject
Project("{FAE04EC0-301F-11D3-BF4B-00C04F79EFBC}") = "Prototype-Tests", "DesignPatterns\Creational\Prototype\Prototype-Tests\Prototype-Tests.csproj", "{7FAB1AA3-F860-BDDD-BD64-4FB691E23C91}"
EndProject
Project("{FAE04EC0-301F-11D3-BF4B-00C04F79EFBC}") = "Prototype-Violation", "DesignPatterns\Creational\Prototype\Prototype-Violation\Prototype-Violation.csproj", "{61F66997-6255-82FC-6E4F-59FDF8EF7E66}"
EndProject
Project("{FAE04EC0-301F-11D3-BF4B-00C04F79EFBC}") = "FactoryMethod-App", "DesignPatterns\Creational\FactoryMethod\FactoryMethod-App\FactoryMethod-App.csproj", "{8542C212-5221-4E38-3B9F-7E3E59AD770C}"
EndProject
Project("{FAE04EC0-301F-11D3-BF4B-00C04F79EFBC}") = "FactoryMethod-Implementation", "DesignPatterns\Creational\FactoryMethod\FactoryMethod-Implementation\FactoryMethod-Implementation.csproj", "{0449301A-AA69-0966-84BF-B25D6EF0D72A}"
EndProject
Project("{FAE04EC0-301F-11D3-BF4B-00C04F79EFBC}") = "FactoryMethod-Tests", "DesignPatterns\Creational\FactoryMethod\FactoryMethod-Tests\FactoryMethod-Tests.csproj", "{980CA6E7-452A-92D5-64A6-96CE1790A138}"
EndProject
Project("{FAE04EC0-301F-11D3-BF4B-00C04F79EFBC}") = "FactoryMethod-Vıolation", "DesignPatterns\Creational\FactoryMethod\FactoryMethod-Vıolation\FactoryMethod-Vıolation.csproj", "{6512A062-4C0E-3AA0-78EF-308F4092E265}"
EndProject
Project("{FAE04EC0-301F-11D3-BF4B-00C04F79EFBC}") = "Builder-App", "DesignPatterns\Creational\Builder\Builder-App\Builder-App.csproj", "{5EEB2AC2-B2C5-108D-28D3-7812291E6508}"
EndProject
Project("{FAE04EC0-301F-11D3-BF4B-00C04F79EFBC}") = "Builder-Implementation", "DesignPatterns\Creational\Builder\Builder-Implementation\Builder-Implementation.csproj", "{F81A10B7-6351-6754-1C75-60C91AEB346A}"
EndProject
Project("{FAE04EC0-301F-11D3-BF4B-00C04F79EFBC}") = "Builder-Tests", "DesignPatterns\Creational\Builder\Builder-Tests\Builder-Tests.csproj", "{D05ACC0A-DC50-96D9-C235-DDF7FB2A5933}"
EndProject
Project("{FAE04EC0-301F-11D3-BF4B-00C04F79EFBC}") = "Builder-Violation", "DesignPatterns\Creational\Builder\Builder-Violation\Builder-Violation.csproj", "{4963AFE1-1168-F338-D3DB-0BF0B27A39D2}"
EndProject
Project("{FAE04EC0-301F-11D3-BF4B-00C04F79EFBC}") = "AbstractFactory-App", "DesignPatterns\Creational\AbstractFactory\AbstractFactory-App\AbstractFactory-App.csproj", "{D7B29969-851B-5760-9239-692209483848}"
EndProject
Project("{FAE04EC0-301F-11D3-BF4B-00C04F79EFBC}") = "AbstractFactory-Implementetion", "DesignPatterns\Creational\AbstractFactory\AbstractFactory-Implementetion\AbstractFactory-Implementetion.csproj", "{7201C48F-5C8A-AB1C-FE4D-4EA626C22405}"
EndProject
Project("{FAE04EC0-301F-11D3-BF4B-00C04F79EFBC}") = "AbstractFactory-Tests", "DesignPatterns\Creational\AbstractFactory\AbstractFactory-Tests\AbstractFactory-Tests.csproj", "{778FFCD1-9C19-4796-60B0-590F1B468CCD}"
EndProject
Project("{FAE04EC0-301F-11D3-BF4B-00C04F79EFBC}") = "AbstractFactory-Violation", "DesignPatterns\Creational\AbstractFactory\AbstractFactory-Violation\AbstractFactory-Violation.csproj", "{00F2F2EB-41F4-65E4-12C0-5683740E3382}"
EndProject
Project("{2150E333-8FDC-42A3-9474-1A3956D46DE8}") = "Flyweight", "Flyweight", "{7070966B-F42C-4393-B722-2DC2F4D8DC15}"
EndProject
Project("{2150E333-8FDC-42A3-9474-1A3956D46DE8}") = "Adapter", "Adapter", "{F6134136-CA9D-4E4C-AE0A-77B7A08F29BB}"
EndProject
Project("{FAE04EC0-301F-11D3-BF4B-00C04F79EFBC}") = "Adapter-App", "DesignPatterns\Structural\Adapter\Adapter-App\Adapter-App.csproj", "{22AD59C4-FCCC-2953-C346-3511D5485C25}"
EndProject
Project("{FAE04EC0-301F-11D3-BF4B-00C04F79EFBC}") = "Adapter-Implementation", "DesignPatterns\Structural\Adapter\Adapter-Implementation\Adapter-Implementation.csproj", "{E069FF94-D7DE-E5DC-C6FE-0EDF10090944}"
EndProject
Project("{FAE04EC0-301F-11D3-BF4B-00C04F79EFBC}") = "Adapter-Tests", "DesignPatterns\Structural\Adapter\Adapter-Tests\Adapter-Tests.csproj", "{C0D605BD-A54F-C255-E572-F2C9BF160393}"
EndProject
Project("{FAE04EC0-301F-11D3-BF4B-00C04F79EFBC}") = "Adapter-Violation", "DesignPatterns\Structural\Adapter\Adapter-Violation\Adapter-Violation.csproj", "{3C04F877-0F69-347F-EF8E-8D67E6CDC64A}"
EndProject
Project("{FAE04EC0-301F-11D3-BF4B-00C04F79EFBC}") = "Flyweight-App", "DesignPatterns\Structural\Flyweight\Flyweight-App\Flyweight-App.csproj", "{FF11692D-46FC-9FAE-768D-24CFF675E033}"
EndProject
Project("{FAE04EC0-301F-11D3-BF4B-00C04F79EFBC}") = "Flyweight-Implementation", "DesignPatterns\Structural\Flyweight\Flyweight-Implementation\Flyweight-Implementation.csproj", "{4D85F2AF-20BA-387B-B46A-985F9040ABA9}"
EndProject
Project("{FAE04EC0-301F-11D3-BF4B-00C04F79EFBC}") = "Flyweight-Tests", "DesignPatterns\Structural\Flyweight\Flyweight-Tests\Flyweight-Tests.csproj", "{69B7A14B-2A97-3E12-EA58-49759E6936D6}"
EndProject
Project("{FAE04EC0-301F-11D3-BF4B-00C04F79EFBC}") = "Flyweight-Violation", "DesignPatterns\Structural\Flyweight\Flyweight-Violation\Flyweight-Violation.csproj", "{6A70A757-0124-6ABC-F9DC-66A5EAA32760}"
EndProject
Project("{2150E333-8FDC-42A3-9474-1A3956D46DE8}") = "Composite", "Composite", "{52F6FCB2-EDC7-4824-9DB9-1EE34B23BB35}"
EndProject
Project("{FAE04EC0-301F-11D3-BF4B-00C04F79EFBC}") = "Composite-İmplementation", "DesignPatterns\Structural\Composite\Composite-İmplementation\Composite-İmplementation.csproj", "{F2147FA6-2281-44E8-B5DF-6DAA096EFB8C}"
EndProject
Project("{FAE04EC0-301F-11D3-BF4B-00C04F79EFBC}") = "Composite-Violation", "DesignPatterns\Structural\Composite\Composite-Violation\Composite-Violation.csproj", "{3F38B1F3-0F4C-420E-A3AD-D9239FEC43DE}"
EndProject
Project("{FAE04EC0-301F-11D3-BF4B-00C04F79EFBC}") = "Composite-App", "DesignPatterns\Structural\Composite\Composite-App\Composite-App.csproj", "{94937B34-525F-4FCC-91B6-45B85FF5766C}"
EndProject
Project("{FAE04EC0-301F-11D3-BF4B-00C04F79EFBC}") = "Composite-Tests", "DesignPatterns\Structural\Composite\Composite-Tests\Composite-Tests.csproj", "{193F14DA-3FF4-43CC-BABB-07CAFF9152B8}"
EndProject
Project("{2150E333-8FDC-42A3-9474-1A3956D46DE8}") = "Facade", "Facade", "{10280AD1-47DA-4E2D-9AA7-668EB21B582B}"
EndProject
Project("{FAE04EC0-301F-11D3-BF4B-00C04F79EFBC}") = "Facade-Implementation", "DesignPatterns\Structural\Facade\Facade-Implementation\Facade-Implementation.csproj", "{7E859EFC-56C9-42F7-8EAC-1C4558919338}"
EndProject
Project("{FAE04EC0-301F-11D3-BF4B-00C04F79EFBC}") = "Facade-Violation", "DesignPatterns\Structural\Facade\Facade-Violation\Facade-Violation.csproj", "{F26E6000-1324-42AE-A1AB-456CF18464A2}"
EndProject
Project("{FAE04EC0-301F-11D3-BF4B-00C04F79EFBC}") = "Facade-App", "DesignPatterns\Structural\Facade\Facade-App\Facade-App.csproj", "{1ECF5E40-9E19-4250-8C81-033FDAB1363B}"
EndProject
Project("{FAE04EC0-301F-11D3-BF4B-00C04F79EFBC}") = "Facade-Tests", "DesignPatterns\Structural\Facade\Facade-Tests\Facade-Tests.csproj", "{6E79C8C0-162A-469C-A9F0-80B72D5C43AD}"
EndProject
Project("{2150E333-8FDC-42A3-9474-1A3956D46DE8}") = "Proxy", "Proxy", "{506F483E-1B2A-4324-93AE-A9F2F0B7A9A5}"
EndProject
Project("{FAE04EC0-301F-11D3-BF4B-00C04F79EFBC}") = "Proxy-Implementation", "DesignPatterns\Structural\Proxy\Proxy-Implementation\Proxy-Implementation.csproj", "{9B8D30C0-E48C-4D63-A6AF-5EFF9B3C800F}"
EndProject
Project("{FAE04EC0-301F-11D3-BF4B-00C04F79EFBC}") = "Proxy-Violation", "DesignPatterns\Structural\Proxy\Proxy-Violation\Proxy-Violation.csproj", "{CED6B0E9-0013-4515-8F12-8C9FEF010ACA}"
EndProject
Project("{FAE04EC0-301F-11D3-BF4B-00C04F79EFBC}") = "Proxy-App", "DesignPatterns\Structural\Proxy\Proxy-App\Proxy-App.csproj", "{BD8B7C14-E79A-48D0-BD96-22171E580184}"
EndProject
Project("{FAE04EC0-301F-11D3-BF4B-00C04F79EFBC}") = "Proxy-Tests", "DesignPatterns\Structural\Proxy\Proxy-Tests\Proxy-Tests.csproj", "{3251091B-C263-425E-AE72-55C97A63EA42}"
EndProject
Project("{2150E333-8FDC-42A3-9474-1A3956D46DE8}") = "Decorator", "Decorator", "{ABB78735-8F04-435F-ABD2-E68BFC4BBF50}"
EndProject
Project("{FAE04EC0-301F-11D3-BF4B-00C04F79EFBC}") = "Decorator-Implementation", "DesignPatterns\Structural\Decorator\Decorator-Implementation\Decorator-Implementation.csproj", "{18BEE9F9-56E8-45B7-9AE5-78A007BE3429}"
EndProject
Project("{FAE04EC0-301F-11D3-BF4B-00C04F79EFBC}") = "Decorator-Violation", "DesignPatterns\Structural\Decorator\Decorator-Violation\Decorator-Violation.csproj", "{EAABFD08-D679-4664-8DC1-87E7D8521E89}"
EndProject
Project("{FAE04EC0-301F-11D3-BF4B-00C04F79EFBC}") = "Decorator-App", "DesignPatterns\Structural\Decorator\Decorator-App\Decorator-App.csproj", "{7199C364-A731-4D50-837B-3E5F358DF836}"
EndProject
Project("{FAE04EC0-301F-11D3-BF4B-00C04F79EFBC}") = "Decorator-Tests", "DesignPatterns\Structural\Decorator\Decorator-Tests\Decorator-Tests.csproj", "{6FB90A61-3898-424F-A5F8-8C9617138130}"
EndProject
Project("{2150E333-8FDC-42A3-9474-1A3956D46DE8}") = "Bridge", "Bridge", "{4F9C9403-EA4E-4A51-AD67-5E91D3597032}"
EndProject
Project("{FAE04EC0-301F-11D3-BF4B-00C04F79EFBC}") = "Bridge-Implementation", "DesignPatterns\Structural\Bridge\Bridge-Implementation\Bridge-Implementation.csproj", "{9CA12D86-9ADC-4AF9-9826-12D650E074D1}"
EndProject
Project("{FAE04EC0-301F-11D3-BF4B-00C04F79EFBC}") = "Bridge-Violation", "DesignPatterns\Structural\Bridge\Bridge-Violation\Bridge-Violation.csproj", "{BDB0DE34-A3FF-4404-93E0-4B81537196E8}"
EndProject
Project("{FAE04EC0-301F-11D3-BF4B-00C04F79EFBC}") = "Bridge-App", "DesignPatterns\Structural\Bridge\Bridge-App\Bridge-App.csproj", "{733EE4AA-6526-499C-B655-D299A65AA325}"
EndProject
Project("{FAE04EC0-301F-11D3-BF4B-00C04F79EFBC}") = "Bridge-Tests", "DesignPatterns\Structural\Bridge\Bridge-Tests\Bridge-Tests.csproj", "{0C49C3B1-934F-4754-B151-9AC637402366}"
EndProject
Project("{2150E333-8FDC-42A3-9474-1A3956D46DE8}") = "Behavioral", "Behavioral", "{91FF01CE-86CD-4EF4-89D5-208A181436A2}"
EndProject
Project("{2150E333-8FDC-42A3-9474-1A3956D46DE8}") = "Strategy", "Strategy", "{42966448-0A06-4139-AF1E-CF00DAAD2953}"
EndProject
Project("{FAE04EC0-301F-11D3-BF4B-00C04F79EFBC}") = "Strategy-App", "DesignPatterns\Behavioral\Strategy\Strategy-App\Strategy-App.csproj", "{39A921AB-1684-40D7-AB06-1378DF12EA4A}"
EndProject
Project("{FAE04EC0-301F-11D3-BF4B-00C04F79EFBC}") = "Strategy-Implementation", "DesignPatterns\Behavioral\Strategy\Strategy-Implementation\Strategy-Implementation.csproj", "{F69F090A-30B0-484A-9BA4-9A25610AA919}"
EndProject
Project("{FAE04EC0-301F-11D3-BF4B-00C04F79EFBC}") = "Strategy-Violation", "DesignPatterns\Behavioral\Strategy\Strategy-Violation\Strategy-Violation.csproj", "{47543C3E-E5C0-4E13-A8E7-B5AE76BBC597}"
EndProject
Project("{FAE04EC0-301F-11D3-BF4B-00C04F79EFBC}") = "Strategy-Tests", "DesignPatterns\Behavioral\Strategy\Strategy-Tests\Strategy-Tests.csproj", "{727D9A13-A5E2-4091-8D6C-32D1C37F28C6}"
EndProject
Project("{2150E333-8FDC-42A3-9474-1A3956D46DE8}") = "Command", "Command", "{9C020F3F-7E65-422F-AA41-33DD4E3EA5E5}"
EndProject
Project("{FAE04EC0-301F-11D3-BF4B-00C04F79EFBC}") = "Command-App", "DesignPatterns\Behavioral\Command\Command-App\Command-App.csproj", "{A4DFF0A5-0C01-4BD0-A4B1-7DB135A8E160}"
EndProject
Project("{FAE04EC0-301F-11D3-BF4B-00C04F79EFBC}") = "Command-Violation", "DesignPatterns\Behavioral\Command\Command-Violation\Command-Violation.csproj", "{B0FADDEA-31E0-4081-8ECF-D5927BE0A725}"
EndProject
Project("{FAE04EC0-301F-11D3-BF4B-00C04F79EFBC}") = "Command-Implementation", "DesignPatterns\Behavioral\Command\Command-Implementation\Command-Implementation.csproj", "{31F43995-9355-4A59-BD26-C1B86560459D}"
EndProject
Project("{FAE04EC0-301F-11D3-BF4B-00C04F79EFBC}") = "Command-Tests", "DesignPatterns\Behavioral\Command\Command-Tests\Command-Tests.csproj", "{D4590A57-2C69-40AC-8874-C1402566C222}"
EndProject
Project("{2150E333-8FDC-42A3-9474-1A3956D46DE8}") = "Iterator", "Iterator", "{9566A1E6-20F3-4B57-ABC9-82780EBD5654}"
EndProject
Project("{FAE04EC0-301F-11D3-BF4B-00C04F79EFBC}") = "Iterator-App", "DesignPatterns\Behavioral\Iterator\Iterator-App\Iterator-App.csproj", "{EA8BFAEB-8609-485F-9ACF-CA8F8F397DC1}"
EndProject
Project("{FAE04EC0-301F-11D3-BF4B-00C04F79EFBC}") = "Iterator-Implementation", "DesignPatterns\Behavioral\Iterator\Iterator-Implementation\Iterator-Implementation.csproj", "{0C1F176D-3212-4C12-B665-893824DA6B8B}"
EndProject
Project("{FAE04EC0-301F-11D3-BF4B-00C04F79EFBC}") = "Iterator-Violation", "DesignPatterns\Behavioral\Iterator\Iterator-Violation\Iterator-Violation.csproj", "{A1D2589E-AEAD-4A68-B0A2-4294DCE08BDC}"
EndProject
Project("{FAE04EC0-301F-11D3-BF4B-00C04F79EFBC}") = "Iterator-Tests", "DesignPatterns\Behavioral\Iterator\Iterator-Tests\Iterator-Tests.csproj", "{5C7C989C-862A-4355-9962-15FE613A3FB3}"
EndProject
Global
	GlobalSection(SolutionConfigurationPlatforms) = preSolution
		Debug|Any CPU = Debug|Any CPU
		Release|Any CPU = Release|Any CPU
	EndGlobalSection
	GlobalSection(ProjectConfigurationPlatforms) = postSolution
		{1A2FECEF-AA45-EAF2-0812-C73E9014183E}.Debug|Any CPU.ActiveCfg = Debug|Any CPU
		{1A2FECEF-AA45-EAF2-0812-C73E9014183E}.Debug|Any CPU.Build.0 = Debug|Any CPU
		{1A2FECEF-AA45-EAF2-0812-C73E9014183E}.Release|Any CPU.ActiveCfg = Release|Any CPU
		{1A2FECEF-AA45-EAF2-0812-C73E9014183E}.Release|Any CPU.Build.0 = Release|Any CPU
		{9FA6083A-5ACC-09C5-E1B0-D344C55ED4A2}.Debug|Any CPU.ActiveCfg = Debug|Any CPU
		{9FA6083A-5ACC-09C5-E1B0-D344C55ED4A2}.Debug|Any CPU.Build.0 = Debug|Any CPU
		{9FA6083A-5ACC-09C5-E1B0-D344C55ED4A2}.Release|Any CPU.ActiveCfg = Release|Any CPU
		{9FA6083A-5ACC-09C5-E1B0-D344C55ED4A2}.Release|Any CPU.Build.0 = Release|Any CPU
		{7B756D09-3286-6221-059E-6F1BDE6192AA}.Debug|Any CPU.ActiveCfg = Debug|Any CPU
		{7B756D09-3286-6221-059E-6F1BDE6192AA}.Debug|Any CPU.Build.0 = Debug|Any CPU
		{7B756D09-3286-6221-059E-6F1BDE6192AA}.Release|Any CPU.ActiveCfg = Release|Any CPU
		{7B756D09-3286-6221-059E-6F1BDE6192AA}.Release|Any CPU.Build.0 = Release|Any CPU
		{E6B6D802-7FD8-3893-BF38-99A3E22BF0D9}.Debug|Any CPU.ActiveCfg = Debug|Any CPU
		{E6B6D802-7FD8-3893-BF38-99A3E22BF0D9}.Debug|Any CPU.Build.0 = Debug|Any CPU
		{E6B6D802-7FD8-3893-BF38-99A3E22BF0D9}.Release|Any CPU.ActiveCfg = Release|Any CPU
		{E6B6D802-7FD8-3893-BF38-99A3E22BF0D9}.Release|Any CPU.Build.0 = Release|Any CPU
		{8F588F47-EECC-3F6D-3C85-C8D5F05E4D58}.Debug|Any CPU.ActiveCfg = Debug|Any CPU
		{8F588F47-EECC-3F6D-3C85-C8D5F05E4D58}.Debug|Any CPU.Build.0 = Debug|Any CPU
		{8F588F47-EECC-3F6D-3C85-C8D5F05E4D58}.Release|Any CPU.ActiveCfg = Release|Any CPU
		{8F588F47-EECC-3F6D-3C85-C8D5F05E4D58}.Release|Any CPU.Build.0 = Release|Any CPU
		{952A0CEE-61B7-F98F-4206-A57D1B35D8C5}.Debug|Any CPU.ActiveCfg = Debug|Any CPU
		{952A0CEE-61B7-F98F-4206-A57D1B35D8C5}.Debug|Any CPU.Build.0 = Debug|Any CPU
		{952A0CEE-61B7-F98F-4206-A57D1B35D8C5}.Release|Any CPU.ActiveCfg = Release|Any CPU
		{952A0CEE-61B7-F98F-4206-A57D1B35D8C5}.Release|Any CPU.Build.0 = Release|Any CPU
		{A4FE82A9-2AD7-D687-9EB1-608704FBB5B4}.Debug|Any CPU.ActiveCfg = Debug|Any CPU
		{A4FE82A9-2AD7-D687-9EB1-608704FBB5B4}.Debug|Any CPU.Build.0 = Debug|Any CPU
		{A4FE82A9-2AD7-D687-9EB1-608704FBB5B4}.Release|Any CPU.ActiveCfg = Release|Any CPU
		{A4FE82A9-2AD7-D687-9EB1-608704FBB5B4}.Release|Any CPU.Build.0 = Release|Any CPU
		{2A3A8B36-E33A-45A8-2D73-CF587DEC13FD}.Debug|Any CPU.ActiveCfg = Debug|Any CPU
		{2A3A8B36-E33A-45A8-2D73-CF587DEC13FD}.Debug|Any CPU.Build.0 = Debug|Any CPU
		{2A3A8B36-E33A-45A8-2D73-CF587DEC13FD}.Release|Any CPU.ActiveCfg = Release|Any CPU
		{2A3A8B36-E33A-45A8-2D73-CF587DEC13FD}.Release|Any CPU.Build.0 = Release|Any CPU
		{FFF41E8E-A5BB-0BBD-E449-5E4FB9F0E991}.Debug|Any CPU.ActiveCfg = Debug|Any CPU
		{FFF41E8E-A5BB-0BBD-E449-5E4FB9F0E991}.Debug|Any CPU.Build.0 = Debug|Any CPU
		{FFF41E8E-A5BB-0BBD-E449-5E4FB9F0E991}.Release|Any CPU.ActiveCfg = Release|Any CPU
		{FFF41E8E-A5BB-0BBD-E449-5E4FB9F0E991}.Release|Any CPU.Build.0 = Release|Any CPU
		{C96E7756-1A9D-FEC2-ACB7-F466CD5BA11E}.Debug|Any CPU.ActiveCfg = Debug|Any CPU
		{C96E7756-1A9D-FEC2-ACB7-F466CD5BA11E}.Debug|Any CPU.Build.0 = Debug|Any CPU
		{C96E7756-1A9D-FEC2-ACB7-F466CD5BA11E}.Release|Any CPU.ActiveCfg = Release|Any CPU
		{C96E7756-1A9D-FEC2-ACB7-F466CD5BA11E}.Release|Any CPU.Build.0 = Release|Any CPU
		{FB412AED-2D7E-9802-B519-101E5A9DEDCF}.Debug|Any CPU.ActiveCfg = Debug|Any CPU
		{FB412AED-2D7E-9802-B519-101E5A9DEDCF}.Debug|Any CPU.Build.0 = Debug|Any CPU
		{FB412AED-2D7E-9802-B519-101E5A9DEDCF}.Release|Any CPU.ActiveCfg = Release|Any CPU
		{FB412AED-2D7E-9802-B519-101E5A9DEDCF}.Release|Any CPU.Build.0 = Release|Any CPU
		{A9B6C09F-7D5B-9FBF-D4C9-7FE34E92FB9B}.Debug|Any CPU.ActiveCfg = Debug|Any CPU
		{A9B6C09F-7D5B-9FBF-D4C9-7FE34E92FB9B}.Debug|Any CPU.Build.0 = Debug|Any CPU
		{A9B6C09F-7D5B-9FBF-D4C9-7FE34E92FB9B}.Release|Any CPU.ActiveCfg = Release|Any CPU
		{A9B6C09F-7D5B-9FBF-D4C9-7FE34E92FB9B}.Release|Any CPU.Build.0 = Release|Any CPU
		{1465E7AE-E023-A70C-0BD7-ADDBDDDB19DB}.Debug|Any CPU.ActiveCfg = Debug|Any CPU
		{1465E7AE-E023-A70C-0BD7-ADDBDDDB19DB}.Debug|Any CPU.Build.0 = Debug|Any CPU
		{1465E7AE-E023-A70C-0BD7-ADDBDDDB19DB}.Release|Any CPU.ActiveCfg = Release|Any CPU
		{1465E7AE-E023-A70C-0BD7-ADDBDDDB19DB}.Release|Any CPU.Build.0 = Release|Any CPU
		{2EABEE6C-83B3-7F8A-B732-3D3515291353}.Debug|Any CPU.ActiveCfg = Debug|Any CPU
		{2EABEE6C-83B3-7F8A-B732-3D3515291353}.Debug|Any CPU.Build.0 = Debug|Any CPU
		{2EABEE6C-83B3-7F8A-B732-3D3515291353}.Release|Any CPU.ActiveCfg = Release|Any CPU
		{2EABEE6C-83B3-7F8A-B732-3D3515291353}.Release|Any CPU.Build.0 = Release|Any CPU
		{68FAD4BA-9CA2-C8BE-2FFD-5AEF522ED588}.Debug|Any CPU.ActiveCfg = Debug|Any CPU
		{68FAD4BA-9CA2-C8BE-2FFD-5AEF522ED588}.Debug|Any CPU.Build.0 = Debug|Any CPU
		{68FAD4BA-9CA2-C8BE-2FFD-5AEF522ED588}.Release|Any CPU.ActiveCfg = Release|Any CPU
		{68FAD4BA-9CA2-C8BE-2FFD-5AEF522ED588}.Release|Any CPU.Build.0 = Release|Any CPU
		{2D34095D-B6F5-6FD5-64C7-A69939DB969E}.Debug|Any CPU.ActiveCfg = Debug|Any CPU
		{2D34095D-B6F5-6FD5-64C7-A69939DB969E}.Debug|Any CPU.Build.0 = Debug|Any CPU
		{2D34095D-B6F5-6FD5-64C7-A69939DB969E}.Release|Any CPU.ActiveCfg = Release|Any CPU
		{2D34095D-B6F5-6FD5-64C7-A69939DB969E}.Release|Any CPU.Build.0 = Release|Any CPU
		{3A6ECA33-BEC1-213F-3AB1-5B3084773F13}.Debug|Any CPU.ActiveCfg = Debug|Any CPU
		{3A6ECA33-BEC1-213F-3AB1-5B3084773F13}.Debug|Any CPU.Build.0 = Debug|Any CPU
		{3A6ECA33-BEC1-213F-3AB1-5B3084773F13}.Release|Any CPU.ActiveCfg = Release|Any CPU
		{3A6ECA33-BEC1-213F-3AB1-5B3084773F13}.Release|Any CPU.Build.0 = Release|Any CPU
		{232994E1-2AEB-A997-836D-CDAD908367C7}.Debug|Any CPU.ActiveCfg = Debug|Any CPU
		{232994E1-2AEB-A997-836D-CDAD908367C7}.Debug|Any CPU.Build.0 = Debug|Any CPU
		{232994E1-2AEB-A997-836D-CDAD908367C7}.Release|Any CPU.ActiveCfg = Release|Any CPU
		{232994E1-2AEB-A997-836D-CDAD908367C7}.Release|Any CPU.Build.0 = Release|Any CPU
		{A5536047-7683-47D2-9945-171C048DA042}.Debug|Any CPU.ActiveCfg = Debug|Any CPU
		{A5536047-7683-47D2-9945-171C048DA042}.Debug|Any CPU.Build.0 = Debug|Any CPU
		{A5536047-7683-47D2-9945-171C048DA042}.Release|Any CPU.ActiveCfg = Release|Any CPU
		{A5536047-7683-47D2-9945-171C048DA042}.Release|Any CPU.Build.0 = Release|Any CPU
		{8460805A-FC4A-C390-BF4F-37950E876118}.Debug|Any CPU.ActiveCfg = Debug|Any CPU
		{8460805A-FC4A-C390-BF4F-37950E876118}.Debug|Any CPU.Build.0 = Debug|Any CPU
		{8460805A-FC4A-C390-BF4F-37950E876118}.Release|Any CPU.ActiveCfg = Release|Any CPU
		{8460805A-FC4A-C390-BF4F-37950E876118}.Release|Any CPU.Build.0 = Release|Any CPU
		{F76F5233-AB12-5CC7-EF3A-D14142A7682E}.Debug|Any CPU.ActiveCfg = Debug|Any CPU
		{F76F5233-AB12-5CC7-EF3A-D14142A7682E}.Debug|Any CPU.Build.0 = Debug|Any CPU
		{F76F5233-AB12-5CC7-EF3A-D14142A7682E}.Release|Any CPU.ActiveCfg = Release|Any CPU
		{F76F5233-AB12-5CC7-EF3A-D14142A7682E}.Release|Any CPU.Build.0 = Release|Any CPU
		{BA291759-AD23-8CA0-B1F4-AF5EF840EC74}.Debug|Any CPU.ActiveCfg = Debug|Any CPU
		{BA291759-AD23-8CA0-B1F4-AF5EF840EC74}.Debug|Any CPU.Build.0 = Debug|Any CPU
		{BA291759-AD23-8CA0-B1F4-AF5EF840EC74}.Release|Any CPU.ActiveCfg = Release|Any CPU
		{BA291759-AD23-8CA0-B1F4-AF5EF840EC74}.Release|Any CPU.Build.0 = Release|Any CPU
		{F385FA33-0B46-0A54-6C70-0F04EF20BC8A}.Debug|Any CPU.ActiveCfg = Debug|Any CPU
		{F385FA33-0B46-0A54-6C70-0F04EF20BC8A}.Debug|Any CPU.Build.0 = Debug|Any CPU
		{F385FA33-0B46-0A54-6C70-0F04EF20BC8A}.Release|Any CPU.ActiveCfg = Release|Any CPU
		{F385FA33-0B46-0A54-6C70-0F04EF20BC8A}.Release|Any CPU.Build.0 = Release|Any CPU
		{BB9FFC7A-E16A-B004-8213-F603B188A635}.Debug|Any CPU.ActiveCfg = Debug|Any CPU
		{BB9FFC7A-E16A-B004-8213-F603B188A635}.Debug|Any CPU.Build.0 = Debug|Any CPU
		{BB9FFC7A-E16A-B004-8213-F603B188A635}.Release|Any CPU.ActiveCfg = Release|Any CPU
		{BB9FFC7A-E16A-B004-8213-F603B188A635}.Release|Any CPU.Build.0 = Release|Any CPU
		{7FAB1AA3-F860-BDDD-BD64-4FB691E23C91}.Debug|Any CPU.ActiveCfg = Debug|Any CPU
		{7FAB1AA3-F860-BDDD-BD64-4FB691E23C91}.Debug|Any CPU.Build.0 = Debug|Any CPU
		{7FAB1AA3-F860-BDDD-BD64-4FB691E23C91}.Release|Any CPU.ActiveCfg = Release|Any CPU
		{7FAB1AA3-F860-BDDD-BD64-4FB691E23C91}.Release|Any CPU.Build.0 = Release|Any CPU
		{61F66997-6255-82FC-6E4F-59FDF8EF7E66}.Debug|Any CPU.ActiveCfg = Debug|Any CPU
		{61F66997-6255-82FC-6E4F-59FDF8EF7E66}.Debug|Any CPU.Build.0 = Debug|Any CPU
		{61F66997-6255-82FC-6E4F-59FDF8EF7E66}.Release|Any CPU.ActiveCfg = Release|Any CPU
		{61F66997-6255-82FC-6E4F-59FDF8EF7E66}.Release|Any CPU.Build.0 = Release|Any CPU
		{8542C212-5221-4E38-3B9F-7E3E59AD770C}.Debug|Any CPU.ActiveCfg = Debug|Any CPU
		{8542C212-5221-4E38-3B9F-7E3E59AD770C}.Debug|Any CPU.Build.0 = Debug|Any CPU
		{8542C212-5221-4E38-3B9F-7E3E59AD770C}.Release|Any CPU.ActiveCfg = Release|Any CPU
		{8542C212-5221-4E38-3B9F-7E3E59AD770C}.Release|Any CPU.Build.0 = Release|Any CPU
		{0449301A-AA69-0966-84BF-B25D6EF0D72A}.Debug|Any CPU.ActiveCfg = Debug|Any CPU
		{0449301A-AA69-0966-84BF-B25D6EF0D72A}.Debug|Any CPU.Build.0 = Debug|Any CPU
		{0449301A-AA69-0966-84BF-B25D6EF0D72A}.Release|Any CPU.ActiveCfg = Release|Any CPU
		{0449301A-AA69-0966-84BF-B25D6EF0D72A}.Release|Any CPU.Build.0 = Release|Any CPU
		{980CA6E7-452A-92D5-64A6-96CE1790A138}.Debug|Any CPU.ActiveCfg = Debug|Any CPU
		{980CA6E7-452A-92D5-64A6-96CE1790A138}.Debug|Any CPU.Build.0 = Debug|Any CPU
		{980CA6E7-452A-92D5-64A6-96CE1790A138}.Release|Any CPU.ActiveCfg = Release|Any CPU
		{980CA6E7-452A-92D5-64A6-96CE1790A138}.Release|Any CPU.Build.0 = Release|Any CPU
		{6512A062-4C0E-3AA0-78EF-308F4092E265}.Debug|Any CPU.ActiveCfg = Debug|Any CPU
		{6512A062-4C0E-3AA0-78EF-308F4092E265}.Debug|Any CPU.Build.0 = Debug|Any CPU
		{6512A062-4C0E-3AA0-78EF-308F4092E265}.Release|Any CPU.ActiveCfg = Release|Any CPU
		{6512A062-4C0E-3AA0-78EF-308F4092E265}.Release|Any CPU.Build.0 = Release|Any CPU
		{5EEB2AC2-B2C5-108D-28D3-7812291E6508}.Debug|Any CPU.ActiveCfg = Debug|Any CPU
		{5EEB2AC2-B2C5-108D-28D3-7812291E6508}.Debug|Any CPU.Build.0 = Debug|Any CPU
		{5EEB2AC2-B2C5-108D-28D3-7812291E6508}.Release|Any CPU.ActiveCfg = Release|Any CPU
		{5EEB2AC2-B2C5-108D-28D3-7812291E6508}.Release|Any CPU.Build.0 = Release|Any CPU
		{F81A10B7-6351-6754-1C75-60C91AEB346A}.Debug|Any CPU.ActiveCfg = Debug|Any CPU
		{F81A10B7-6351-6754-1C75-60C91AEB346A}.Debug|Any CPU.Build.0 = Debug|Any CPU
		{F81A10B7-6351-6754-1C75-60C91AEB346A}.Release|Any CPU.ActiveCfg = Release|Any CPU
		{F81A10B7-6351-6754-1C75-60C91AEB346A}.Release|Any CPU.Build.0 = Release|Any CPU
		{D05ACC0A-DC50-96D9-C235-DDF7FB2A5933}.Debug|Any CPU.ActiveCfg = Debug|Any CPU
		{D05ACC0A-DC50-96D9-C235-DDF7FB2A5933}.Debug|Any CPU.Build.0 = Debug|Any CPU
		{D05ACC0A-DC50-96D9-C235-DDF7FB2A5933}.Release|Any CPU.ActiveCfg = Release|Any CPU
		{D05ACC0A-DC50-96D9-C235-DDF7FB2A5933}.Release|Any CPU.Build.0 = Release|Any CPU
		{4963AFE1-1168-F338-D3DB-0BF0B27A39D2}.Debug|Any CPU.ActiveCfg = Debug|Any CPU
		{4963AFE1-1168-F338-D3DB-0BF0B27A39D2}.Debug|Any CPU.Build.0 = Debug|Any CPU
		{4963AFE1-1168-F338-D3DB-0BF0B27A39D2}.Release|Any CPU.ActiveCfg = Release|Any CPU
		{4963AFE1-1168-F338-D3DB-0BF0B27A39D2}.Release|Any CPU.Build.0 = Release|Any CPU
		{D7B29969-851B-5760-9239-692209483848}.Debug|Any CPU.ActiveCfg = Debug|Any CPU
		{D7B29969-851B-5760-9239-692209483848}.Debug|Any CPU.Build.0 = Debug|Any CPU
		{D7B29969-851B-5760-9239-692209483848}.Release|Any CPU.ActiveCfg = Release|Any CPU
		{D7B29969-851B-5760-9239-692209483848}.Release|Any CPU.Build.0 = Release|Any CPU
		{7201C48F-5C8A-AB1C-FE4D-4EA626C22405}.Debug|Any CPU.ActiveCfg = Debug|Any CPU
		{7201C48F-5C8A-AB1C-FE4D-4EA626C22405}.Debug|Any CPU.Build.0 = Debug|Any CPU
		{7201C48F-5C8A-AB1C-FE4D-4EA626C22405}.Release|Any CPU.ActiveCfg = Release|Any CPU
		{7201C48F-5C8A-AB1C-FE4D-4EA626C22405}.Release|Any CPU.Build.0 = Release|Any CPU
		{778FFCD1-9C19-4796-60B0-590F1B468CCD}.Debug|Any CPU.ActiveCfg = Debug|Any CPU
		{778FFCD1-9C19-4796-60B0-590F1B468CCD}.Debug|Any CPU.Build.0 = Debug|Any CPU
		{778FFCD1-9C19-4796-60B0-590F1B468CCD}.Release|Any CPU.ActiveCfg = Release|Any CPU
		{778FFCD1-9C19-4796-60B0-590F1B468CCD}.Release|Any CPU.Build.0 = Release|Any CPU
		{00F2F2EB-41F4-65E4-12C0-5683740E3382}.Debug|Any CPU.ActiveCfg = Debug|Any CPU
		{00F2F2EB-41F4-65E4-12C0-5683740E3382}.Debug|Any CPU.Build.0 = Debug|Any CPU
		{00F2F2EB-41F4-65E4-12C0-5683740E3382}.Release|Any CPU.ActiveCfg = Release|Any CPU
		{00F2F2EB-41F4-65E4-12C0-5683740E3382}.Release|Any CPU.Build.0 = Release|Any CPU
		{22AD59C4-FCCC-2953-C346-3511D5485C25}.Debug|Any CPU.ActiveCfg = Debug|Any CPU
		{22AD59C4-FCCC-2953-C346-3511D5485C25}.Debug|Any CPU.Build.0 = Debug|Any CPU
		{22AD59C4-FCCC-2953-C346-3511D5485C25}.Release|Any CPU.ActiveCfg = Release|Any CPU
		{22AD59C4-FCCC-2953-C346-3511D5485C25}.Release|Any CPU.Build.0 = Release|Any CPU
		{E069FF94-D7DE-E5DC-C6FE-0EDF10090944}.Debug|Any CPU.ActiveCfg = Debug|Any CPU
		{E069FF94-D7DE-E5DC-C6FE-0EDF10090944}.Debug|Any CPU.Build.0 = Debug|Any CPU
		{E069FF94-D7DE-E5DC-C6FE-0EDF10090944}.Release|Any CPU.ActiveCfg = Release|Any CPU
		{E069FF94-D7DE-E5DC-C6FE-0EDF10090944}.Release|Any CPU.Build.0 = Release|Any CPU
		{C0D605BD-A54F-C255-E572-F2C9BF160393}.Debug|Any CPU.ActiveCfg = Debug|Any CPU
		{C0D605BD-A54F-C255-E572-F2C9BF160393}.Debug|Any CPU.Build.0 = Debug|Any CPU
		{C0D605BD-A54F-C255-E572-F2C9BF160393}.Release|Any CPU.ActiveCfg = Release|Any CPU
		{C0D605BD-A54F-C255-E572-F2C9BF160393}.Release|Any CPU.Build.0 = Release|Any CPU
		{3C04F877-0F69-347F-EF8E-8D67E6CDC64A}.Debug|Any CPU.ActiveCfg = Debug|Any CPU
		{3C04F877-0F69-347F-EF8E-8D67E6CDC64A}.Debug|Any CPU.Build.0 = Debug|Any CPU
		{3C04F877-0F69-347F-EF8E-8D67E6CDC64A}.Release|Any CPU.ActiveCfg = Release|Any CPU
		{3C04F877-0F69-347F-EF8E-8D67E6CDC64A}.Release|Any CPU.Build.0 = Release|Any CPU
		{FF11692D-46FC-9FAE-768D-24CFF675E033}.Debug|Any CPU.ActiveCfg = Debug|Any CPU
		{FF11692D-46FC-9FAE-768D-24CFF675E033}.Debug|Any CPU.Build.0 = Debug|Any CPU
		{FF11692D-46FC-9FAE-768D-24CFF675E033}.Release|Any CPU.ActiveCfg = Release|Any CPU
		{FF11692D-46FC-9FAE-768D-24CFF675E033}.Release|Any CPU.Build.0 = Release|Any CPU
		{4D85F2AF-20BA-387B-B46A-985F9040ABA9}.Debug|Any CPU.ActiveCfg = Debug|Any CPU
		{4D85F2AF-20BA-387B-B46A-985F9040ABA9}.Debug|Any CPU.Build.0 = Debug|Any CPU
		{4D85F2AF-20BA-387B-B46A-985F9040ABA9}.Release|Any CPU.ActiveCfg = Release|Any CPU
		{4D85F2AF-20BA-387B-B46A-985F9040ABA9}.Release|Any CPU.Build.0 = Release|Any CPU
		{69B7A14B-2A97-3E12-EA58-49759E6936D6}.Debug|Any CPU.ActiveCfg = Debug|Any CPU
		{69B7A14B-2A97-3E12-EA58-49759E6936D6}.Debug|Any CPU.Build.0 = Debug|Any CPU
		{69B7A14B-2A97-3E12-EA58-49759E6936D6}.Release|Any CPU.ActiveCfg = Release|Any CPU
		{69B7A14B-2A97-3E12-EA58-49759E6936D6}.Release|Any CPU.Build.0 = Release|Any CPU
		{6A70A757-0124-6ABC-F9DC-66A5EAA32760}.Debug|Any CPU.ActiveCfg = Debug|Any CPU
		{6A70A757-0124-6ABC-F9DC-66A5EAA32760}.Debug|Any CPU.Build.0 = Debug|Any CPU
		{6A70A757-0124-6ABC-F9DC-66A5EAA32760}.Release|Any CPU.ActiveCfg = Release|Any CPU
		{6A70A757-0124-6ABC-F9DC-66A5EAA32760}.Release|Any CPU.Build.0 = Release|Any CPU
		{F2147FA6-2281-44E8-B5DF-6DAA096EFB8C}.Debug|Any CPU.ActiveCfg = Debug|Any CPU
		{F2147FA6-2281-44E8-B5DF-6DAA096EFB8C}.Debug|Any CPU.Build.0 = Debug|Any CPU
		{F2147FA6-2281-44E8-B5DF-6DAA096EFB8C}.Release|Any CPU.ActiveCfg = Release|Any CPU
		{F2147FA6-2281-44E8-B5DF-6DAA096EFB8C}.Release|Any CPU.Build.0 = Release|Any CPU
		{3F38B1F3-0F4C-420E-A3AD-D9239FEC43DE}.Debug|Any CPU.ActiveCfg = Debug|Any CPU
		{3F38B1F3-0F4C-420E-A3AD-D9239FEC43DE}.Debug|Any CPU.Build.0 = Debug|Any CPU
		{3F38B1F3-0F4C-420E-A3AD-D9239FEC43DE}.Release|Any CPU.ActiveCfg = Release|Any CPU
		{3F38B1F3-0F4C-420E-A3AD-D9239FEC43DE}.Release|Any CPU.Build.0 = Release|Any CPU
		{94937B34-525F-4FCC-91B6-45B85FF5766C}.Debug|Any CPU.ActiveCfg = Debug|Any CPU
		{94937B34-525F-4FCC-91B6-45B85FF5766C}.Debug|Any CPU.Build.0 = Debug|Any CPU
		{94937B34-525F-4FCC-91B6-45B85FF5766C}.Release|Any CPU.ActiveCfg = Release|Any CPU
		{94937B34-525F-4FCC-91B6-45B85FF5766C}.Release|Any CPU.Build.0 = Release|Any CPU
		{193F14DA-3FF4-43CC-BABB-07CAFF9152B8}.Debug|Any CPU.ActiveCfg = Debug|Any CPU
		{193F14DA-3FF4-43CC-BABB-07CAFF9152B8}.Debug|Any CPU.Build.0 = Debug|Any CPU
		{193F14DA-3FF4-43CC-BABB-07CAFF9152B8}.Release|Any CPU.ActiveCfg = Release|Any CPU
		{193F14DA-3FF4-43CC-BABB-07CAFF9152B8}.Release|Any CPU.Build.0 = Release|Any CPU
		{7E859EFC-56C9-42F7-8EAC-1C4558919338}.Debug|Any CPU.ActiveCfg = Debug|Any CPU
		{7E859EFC-56C9-42F7-8EAC-1C4558919338}.Debug|Any CPU.Build.0 = Debug|Any CPU
		{7E859EFC-56C9-42F7-8EAC-1C4558919338}.Release|Any CPU.ActiveCfg = Release|Any CPU
		{7E859EFC-56C9-42F7-8EAC-1C4558919338}.Release|Any CPU.Build.0 = Release|Any CPU
		{F26E6000-1324-42AE-A1AB-456CF18464A2}.Debug|Any CPU.ActiveCfg = Debug|Any CPU
		{F26E6000-1324-42AE-A1AB-456CF18464A2}.Debug|Any CPU.Build.0 = Debug|Any CPU
		{F26E6000-1324-42AE-A1AB-456CF18464A2}.Release|Any CPU.ActiveCfg = Release|Any CPU
		{F26E6000-1324-42AE-A1AB-456CF18464A2}.Release|Any CPU.Build.0 = Release|Any CPU
		{1ECF5E40-9E19-4250-8C81-033FDAB1363B}.Debug|Any CPU.ActiveCfg = Debug|Any CPU
		{1ECF5E40-9E19-4250-8C81-033FDAB1363B}.Debug|Any CPU.Build.0 = Debug|Any CPU
		{1ECF5E40-9E19-4250-8C81-033FDAB1363B}.Release|Any CPU.ActiveCfg = Release|Any CPU
		{1ECF5E40-9E19-4250-8C81-033FDAB1363B}.Release|Any CPU.Build.0 = Release|Any CPU
		{6E79C8C0-162A-469C-A9F0-80B72D5C43AD}.Debug|Any CPU.ActiveCfg = Debug|Any CPU
		{6E79C8C0-162A-469C-A9F0-80B72D5C43AD}.Debug|Any CPU.Build.0 = Debug|Any CPU
		{6E79C8C0-162A-469C-A9F0-80B72D5C43AD}.Release|Any CPU.ActiveCfg = Release|Any CPU
		{6E79C8C0-162A-469C-A9F0-80B72D5C43AD}.Release|Any CPU.Build.0 = Release|Any CPU
		{9B8D30C0-E48C-4D63-A6AF-5EFF9B3C800F}.Debug|Any CPU.ActiveCfg = Debug|Any CPU
		{9B8D30C0-E48C-4D63-A6AF-5EFF9B3C800F}.Debug|Any CPU.Build.0 = Debug|Any CPU
		{9B8D30C0-E48C-4D63-A6AF-5EFF9B3C800F}.Release|Any CPU.ActiveCfg = Release|Any CPU
		{9B8D30C0-E48C-4D63-A6AF-5EFF9B3C800F}.Release|Any CPU.Build.0 = Release|Any CPU
		{CED6B0E9-0013-4515-8F12-8C9FEF010ACA}.Debug|Any CPU.ActiveCfg = Debug|Any CPU
		{CED6B0E9-0013-4515-8F12-8C9FEF010ACA}.Debug|Any CPU.Build.0 = Debug|Any CPU
		{CED6B0E9-0013-4515-8F12-8C9FEF010ACA}.Release|Any CPU.ActiveCfg = Release|Any CPU
		{CED6B0E9-0013-4515-8F12-8C9FEF010ACA}.Release|Any CPU.Build.0 = Release|Any CPU
		{BD8B7C14-E79A-48D0-BD96-22171E580184}.Debug|Any CPU.ActiveCfg = Debug|Any CPU
		{BD8B7C14-E79A-48D0-BD96-22171E580184}.Debug|Any CPU.Build.0 = Debug|Any CPU
		{BD8B7C14-E79A-48D0-BD96-22171E580184}.Release|Any CPU.ActiveCfg = Release|Any CPU
		{BD8B7C14-E79A-48D0-BD96-22171E580184}.Release|Any CPU.Build.0 = Release|Any CPU
		{3251091B-C263-425E-AE72-55C97A63EA42}.Debug|Any CPU.ActiveCfg = Debug|Any CPU
		{3251091B-C263-425E-AE72-55C97A63EA42}.Debug|Any CPU.Build.0 = Debug|Any CPU
		{3251091B-C263-425E-AE72-55C97A63EA42}.Release|Any CPU.ActiveCfg = Release|Any CPU
		{3251091B-C263-425E-AE72-55C97A63EA42}.Release|Any CPU.Build.0 = Release|Any CPU
		{18BEE9F9-56E8-45B7-9AE5-78A007BE3429}.Debug|Any CPU.ActiveCfg = Debug|Any CPU
		{18BEE9F9-56E8-45B7-9AE5-78A007BE3429}.Debug|Any CPU.Build.0 = Debug|Any CPU
		{18BEE9F9-56E8-45B7-9AE5-78A007BE3429}.Release|Any CPU.ActiveCfg = Release|Any CPU
		{18BEE9F9-56E8-45B7-9AE5-78A007BE3429}.Release|Any CPU.Build.0 = Release|Any CPU
		{EAABFD08-D679-4664-8DC1-87E7D8521E89}.Debug|Any CPU.ActiveCfg = Debug|Any CPU
		{EAABFD08-D679-4664-8DC1-87E7D8521E89}.Debug|Any CPU.Build.0 = Debug|Any CPU
		{EAABFD08-D679-4664-8DC1-87E7D8521E89}.Release|Any CPU.ActiveCfg = Release|Any CPU
		{EAABFD08-D679-4664-8DC1-87E7D8521E89}.Release|Any CPU.Build.0 = Release|Any CPU
		{7199C364-A731-4D50-837B-3E5F358DF836}.Debug|Any CPU.ActiveCfg = Debug|Any CPU
		{7199C364-A731-4D50-837B-3E5F358DF836}.Debug|Any CPU.Build.0 = Debug|Any CPU
		{7199C364-A731-4D50-837B-3E5F358DF836}.Release|Any CPU.ActiveCfg = Release|Any CPU
		{7199C364-A731-4D50-837B-3E5F358DF836}.Release|Any CPU.Build.0 = Release|Any CPU
		{6FB90A61-3898-424F-A5F8-8C9617138130}.Debug|Any CPU.ActiveCfg = Debug|Any CPU
		{6FB90A61-3898-424F-A5F8-8C9617138130}.Debug|Any CPU.Build.0 = Debug|Any CPU
		{6FB90A61-3898-424F-A5F8-8C9617138130}.Release|Any CPU.ActiveCfg = Release|Any CPU
		{6FB90A61-3898-424F-A5F8-8C9617138130}.Release|Any CPU.Build.0 = Release|Any CPU
		{9CA12D86-9ADC-4AF9-9826-12D650E074D1}.Debug|Any CPU.ActiveCfg = Debug|Any CPU
		{9CA12D86-9ADC-4AF9-9826-12D650E074D1}.Debug|Any CPU.Build.0 = Debug|Any CPU
		{9CA12D86-9ADC-4AF9-9826-12D650E074D1}.Release|Any CPU.ActiveCfg = Release|Any CPU
		{9CA12D86-9ADC-4AF9-9826-12D650E074D1}.Release|Any CPU.Build.0 = Release|Any CPU
		{BDB0DE34-A3FF-4404-93E0-4B81537196E8}.Debug|Any CPU.ActiveCfg = Debug|Any CPU
		{BDB0DE34-A3FF-4404-93E0-4B81537196E8}.Debug|Any CPU.Build.0 = Debug|Any CPU
		{BDB0DE34-A3FF-4404-93E0-4B81537196E8}.Release|Any CPU.ActiveCfg = Release|Any CPU
		{BDB0DE34-A3FF-4404-93E0-4B81537196E8}.Release|Any CPU.Build.0 = Release|Any CPU
		{733EE4AA-6526-499C-B655-D299A65AA325}.Debug|Any CPU.ActiveCfg = Debug|Any CPU
		{733EE4AA-6526-499C-B655-D299A65AA325}.Debug|Any CPU.Build.0 = Debug|Any CPU
		{733EE4AA-6526-499C-B655-D299A65AA325}.Release|Any CPU.ActiveCfg = Release|Any CPU
		{733EE4AA-6526-499C-B655-D299A65AA325}.Release|Any CPU.Build.0 = Release|Any CPU
		{0C49C3B1-934F-4754-B151-9AC637402366}.Debug|Any CPU.ActiveCfg = Debug|Any CPU
		{0C49C3B1-934F-4754-B151-9AC637402366}.Debug|Any CPU.Build.0 = Debug|Any CPU
		{0C49C3B1-934F-4754-B151-9AC637402366}.Release|Any CPU.ActiveCfg = Release|Any CPU
		{0C49C3B1-934F-4754-B151-9AC637402366}.Release|Any CPU.Build.0 = Release|Any CPU
		{39A921AB-1684-40D7-AB06-1378DF12EA4A}.Debug|Any CPU.ActiveCfg = Debug|Any CPU
		{39A921AB-1684-40D7-AB06-1378DF12EA4A}.Debug|Any CPU.Build.0 = Debug|Any CPU
		{39A921AB-1684-40D7-AB06-1378DF12EA4A}.Release|Any CPU.ActiveCfg = Release|Any CPU
		{39A921AB-1684-40D7-AB06-1378DF12EA4A}.Release|Any CPU.Build.0 = Release|Any CPU
		{F69F090A-30B0-484A-9BA4-9A25610AA919}.Debug|Any CPU.ActiveCfg = Debug|Any CPU
		{F69F090A-30B0-484A-9BA4-9A25610AA919}.Debug|Any CPU.Build.0 = Debug|Any CPU
		{F69F090A-30B0-484A-9BA4-9A25610AA919}.Release|Any CPU.ActiveCfg = Release|Any CPU
		{F69F090A-30B0-484A-9BA4-9A25610AA919}.Release|Any CPU.Build.0 = Release|Any CPU
		{47543C3E-E5C0-4E13-A8E7-B5AE76BBC597}.Debug|Any CPU.ActiveCfg = Debug|Any CPU
		{47543C3E-E5C0-4E13-A8E7-B5AE76BBC597}.Debug|Any CPU.Build.0 = Debug|Any CPU
		{47543C3E-E5C0-4E13-A8E7-B5AE76BBC597}.Release|Any CPU.ActiveCfg = Release|Any CPU
		{47543C3E-E5C0-4E13-A8E7-B5AE76BBC597}.Release|Any CPU.Build.0 = Release|Any CPU
		{727D9A13-A5E2-4091-8D6C-32D1C37F28C6}.Debug|Any CPU.ActiveCfg = Debug|Any CPU
		{727D9A13-A5E2-4091-8D6C-32D1C37F28C6}.Debug|Any CPU.Build.0 = Debug|Any CPU
		{727D9A13-A5E2-4091-8D6C-32D1C37F28C6}.Release|Any CPU.ActiveCfg = Release|Any CPU
		{727D9A13-A5E2-4091-8D6C-32D1C37F28C6}.Release|Any CPU.Build.0 = Release|Any CPU
		{A4DFF0A5-0C01-4BD0-A4B1-7DB135A8E160}.Debug|Any CPU.ActiveCfg = Debug|Any CPU
		{A4DFF0A5-0C01-4BD0-A4B1-7DB135A8E160}.Debug|Any CPU.Build.0 = Debug|Any CPU
		{A4DFF0A5-0C01-4BD0-A4B1-7DB135A8E160}.Release|Any CPU.ActiveCfg = Release|Any CPU
		{A4DFF0A5-0C01-4BD0-A4B1-7DB135A8E160}.Release|Any CPU.Build.0 = Release|Any CPU
		{B0FADDEA-31E0-4081-8ECF-D5927BE0A725}.Debug|Any CPU.ActiveCfg = Debug|Any CPU
		{B0FADDEA-31E0-4081-8ECF-D5927BE0A725}.Debug|Any CPU.Build.0 = Debug|Any CPU
		{B0FADDEA-31E0-4081-8ECF-D5927BE0A725}.Release|Any CPU.ActiveCfg = Release|Any CPU
		{B0FADDEA-31E0-4081-8ECF-D5927BE0A725}.Release|Any CPU.Build.0 = Release|Any CPU
		{31F43995-9355-4A59-BD26-C1B86560459D}.Debug|Any CPU.ActiveCfg = Debug|Any CPU
		{31F43995-9355-4A59-BD26-C1B86560459D}.Debug|Any CPU.Build.0 = Debug|Any CPU
		{31F43995-9355-4A59-BD26-C1B86560459D}.Release|Any CPU.ActiveCfg = Release|Any CPU
		{31F43995-9355-4A59-BD26-C1B86560459D}.Release|Any CPU.Build.0 = Release|Any CPU
		{D4590A57-2C69-40AC-8874-C1402566C222}.Debug|Any CPU.ActiveCfg = Debug|Any CPU
		{D4590A57-2C69-40AC-8874-C1402566C222}.Debug|Any CPU.Build.0 = Debug|Any CPU
		{D4590A57-2C69-40AC-8874-C1402566C222}.Release|Any CPU.ActiveCfg = Release|Any CPU
		{D4590A57-2C69-40AC-8874-C1402566C222}.Release|Any CPU.Build.0 = Release|Any CPU
		{EA8BFAEB-8609-485F-9ACF-CA8F8F397DC1}.Debug|Any CPU.ActiveCfg = Debug|Any CPU
		{EA8BFAEB-8609-485F-9ACF-CA8F8F397DC1}.Debug|Any CPU.Build.0 = Debug|Any CPU
		{EA8BFAEB-8609-485F-9ACF-CA8F8F397DC1}.Release|Any CPU.ActiveCfg = Release|Any CPU
		{EA8BFAEB-8609-485F-9ACF-CA8F8F397DC1}.Release|Any CPU.Build.0 = Release|Any CPU
		{0C1F176D-3212-4C12-B665-893824DA6B8B}.Debug|Any CPU.ActiveCfg = Debug|Any CPU
		{0C1F176D-3212-4C12-B665-893824DA6B8B}.Debug|Any CPU.Build.0 = Debug|Any CPU
		{0C1F176D-3212-4C12-B665-893824DA6B8B}.Release|Any CPU.ActiveCfg = Release|Any CPU
		{0C1F176D-3212-4C12-B665-893824DA6B8B}.Release|Any CPU.Build.0 = Release|Any CPU
		{A1D2589E-AEAD-4A68-B0A2-4294DCE08BDC}.Debug|Any CPU.ActiveCfg = Debug|Any CPU
		{A1D2589E-AEAD-4A68-B0A2-4294DCE08BDC}.Debug|Any CPU.Build.0 = Debug|Any CPU
		{A1D2589E-AEAD-4A68-B0A2-4294DCE08BDC}.Release|Any CPU.ActiveCfg = Release|Any CPU
		{A1D2589E-AEAD-4A68-B0A2-4294DCE08BDC}.Release|Any CPU.Build.0 = Release|Any CPU
		{5C7C989C-862A-4355-9962-15FE613A3FB3}.Debug|Any CPU.ActiveCfg = Debug|Any CPU
		{5C7C989C-862A-4355-9962-15FE613A3FB3}.Debug|Any CPU.Build.0 = Debug|Any CPU
		{5C7C989C-862A-4355-9962-15FE613A3FB3}.Release|Any CPU.ActiveCfg = Release|Any CPU
		{5C7C989C-862A-4355-9962-15FE613A3FB3}.Release|Any CPU.Build.0 = Release|Any CPU
	EndGlobalSection
	GlobalSection(SolutionProperties) = preSolution
		HideSolutionNode = FALSE
	EndGlobalSection
	GlobalSection(NestedProjects) = preSolution
		{3F951A66-518C-418F-B731-7BCB58104F22} = {02EA681E-C7D8-13C7-8484-4AC65E1B71E8}
		{F4473A05-4485-49F9-B532-8B9801F2EAC1} = {02EA681E-C7D8-13C7-8484-4AC65E1B71E8}
		{29AA4232-936A-4C11-B529-5F141C8DE47A} = {02EA681E-C7D8-13C7-8484-4AC65E1B71E8}
		{8750D52B-BBDD-4AA5-83A9-63C5C836135F} = {02EA681E-C7D8-13C7-8484-4AC65E1B71E8}
		{0EB6414E-E455-4CAD-B5CF-FA12F75A3764} = {02EA681E-C7D8-13C7-8484-4AC65E1B71E8}
		{1A2FECEF-AA45-EAF2-0812-C73E9014183E} = {0EB6414E-E455-4CAD-B5CF-FA12F75A3764}
		{9FA6083A-5ACC-09C5-E1B0-D344C55ED4A2} = {0EB6414E-E455-4CAD-B5CF-FA12F75A3764}
		{7B756D09-3286-6221-059E-6F1BDE6192AA} = {0EB6414E-E455-4CAD-B5CF-FA12F75A3764}
		{E6B6D802-7FD8-3893-BF38-99A3E22BF0D9} = {0EB6414E-E455-4CAD-B5CF-FA12F75A3764}
		{8F588F47-EECC-3F6D-3C85-C8D5F05E4D58} = {8750D52B-BBDD-4AA5-83A9-63C5C836135F}
		{952A0CEE-61B7-F98F-4206-A57D1B35D8C5} = {8750D52B-BBDD-4AA5-83A9-63C5C836135F}
		{A4FE82A9-2AD7-D687-9EB1-608704FBB5B4} = {8750D52B-BBDD-4AA5-83A9-63C5C836135F}
		{2A3A8B36-E33A-45A8-2D73-CF587DEC13FD} = {8750D52B-BBDD-4AA5-83A9-63C5C836135F}
		{FFF41E8E-A5BB-0BBD-E449-5E4FB9F0E991} = {29AA4232-936A-4C11-B529-5F141C8DE47A}
		{C96E7756-1A9D-FEC2-ACB7-F466CD5BA11E} = {29AA4232-936A-4C11-B529-5F141C8DE47A}
		{FB412AED-2D7E-9802-B519-101E5A9DEDCF} = {29AA4232-936A-4C11-B529-5F141C8DE47A}
		{A9B6C09F-7D5B-9FBF-D4C9-7FE34E92FB9B} = {29AA4232-936A-4C11-B529-5F141C8DE47A}
		{1465E7AE-E023-A70C-0BD7-ADDBDDDB19DB} = {F4473A05-4485-49F9-B532-8B9801F2EAC1}
		{2EABEE6C-83B3-7F8A-B732-3D3515291353} = {F4473A05-4485-49F9-B532-8B9801F2EAC1}
		{68FAD4BA-9CA2-C8BE-2FFD-5AEF522ED588} = {F4473A05-4485-49F9-B532-8B9801F2EAC1}
		{2D34095D-B6F5-6FD5-64C7-A69939DB969E} = {3F951A66-518C-418F-B731-7BCB58104F22}
		{3A6ECA33-BEC1-213F-3AB1-5B3084773F13} = {3F951A66-518C-418F-B731-7BCB58104F22}
		{232994E1-2AEB-A997-836D-CDAD908367C7} = {3F951A66-518C-418F-B731-7BCB58104F22}
		{F84D2B42-C47F-4A0D-A9A2-B8733FCD691F} = {49A8F4E5-0D64-4D2A-8998-3A5AE0381ECD}
		{93B12365-B601-455D-8BDC-5781D2D79E99} = {49A8F4E5-0D64-4D2A-8998-3A5AE0381ECD}
		{E6D84409-31CD-4E8A-B347-BD45B82B50A2} = {F84D2B42-C47F-4A0D-A9A2-B8733FCD691F}
		{DB5A966F-9BC9-4C79-AC33-D4AEFE1317FF} = {F84D2B42-C47F-4A0D-A9A2-B8733FCD691F}
		{40BB4DA0-CDFB-4353-8877-3EBBC7C898F4} = {F84D2B42-C47F-4A0D-A9A2-B8733FCD691F}
		{01B54D38-0B2B-4349-8B0A-75379C72060D} = {F84D2B42-C47F-4A0D-A9A2-B8733FCD691F}
		{1CDA1660-A7F5-4D22-8CFF-30D660256AFE} = {F84D2B42-C47F-4A0D-A9A2-B8733FCD691F}
		{A5536047-7683-47D2-9945-171C048DA042} = {E6D84409-31CD-4E8A-B347-BD45B82B50A2}
		{8460805A-FC4A-C390-BF4F-37950E876118} = {E6D84409-31CD-4E8A-B347-BD45B82B50A2}
		{F76F5233-AB12-5CC7-EF3A-D14142A7682E} = {E6D84409-31CD-4E8A-B347-BD45B82B50A2}
		{BA291759-AD23-8CA0-B1F4-AF5EF840EC74} = {E6D84409-31CD-4E8A-B347-BD45B82B50A2}
		{F385FA33-0B46-0A54-6C70-0F04EF20BC8A} = {1CDA1660-A7F5-4D22-8CFF-30D660256AFE}
		{BB9FFC7A-E16A-B004-8213-F603B188A635} = {1CDA1660-A7F5-4D22-8CFF-30D660256AFE}
		{7FAB1AA3-F860-BDDD-BD64-4FB691E23C91} = {1CDA1660-A7F5-4D22-8CFF-30D660256AFE}
		{61F66997-6255-82FC-6E4F-59FDF8EF7E66} = {1CDA1660-A7F5-4D22-8CFF-30D660256AFE}
		{8542C212-5221-4E38-3B9F-7E3E59AD770C} = {DB5A966F-9BC9-4C79-AC33-D4AEFE1317FF}
		{0449301A-AA69-0966-84BF-B25D6EF0D72A} = {DB5A966F-9BC9-4C79-AC33-D4AEFE1317FF}
		{980CA6E7-452A-92D5-64A6-96CE1790A138} = {DB5A966F-9BC9-4C79-AC33-D4AEFE1317FF}
		{6512A062-4C0E-3AA0-78EF-308F4092E265} = {DB5A966F-9BC9-4C79-AC33-D4AEFE1317FF}
		{5EEB2AC2-B2C5-108D-28D3-7812291E6508} = {01B54D38-0B2B-4349-8B0A-75379C72060D}
		{F81A10B7-6351-6754-1C75-60C91AEB346A} = {01B54D38-0B2B-4349-8B0A-75379C72060D}
		{D05ACC0A-DC50-96D9-C235-DDF7FB2A5933} = {01B54D38-0B2B-4349-8B0A-75379C72060D}
		{4963AFE1-1168-F338-D3DB-0BF0B27A39D2} = {01B54D38-0B2B-4349-8B0A-75379C72060D}
		{D7B29969-851B-5760-9239-692209483848} = {40BB4DA0-CDFB-4353-8877-3EBBC7C898F4}
		{7201C48F-5C8A-AB1C-FE4D-4EA626C22405} = {40BB4DA0-CDFB-4353-8877-3EBBC7C898F4}
		{778FFCD1-9C19-4796-60B0-590F1B468CCD} = {40BB4DA0-CDFB-4353-8877-3EBBC7C898F4}
		{00F2F2EB-41F4-65E4-12C0-5683740E3382} = {40BB4DA0-CDFB-4353-8877-3EBBC7C898F4}
		{7070966B-F42C-4393-B722-2DC2F4D8DC15} = {93B12365-B601-455D-8BDC-5781D2D79E99}
		{F6134136-CA9D-4E4C-AE0A-77B7A08F29BB} = {93B12365-B601-455D-8BDC-5781D2D79E99}
		{22AD59C4-FCCC-2953-C346-3511D5485C25} = {F6134136-CA9D-4E4C-AE0A-77B7A08F29BB}
		{E069FF94-D7DE-E5DC-C6FE-0EDF10090944} = {F6134136-CA9D-4E4C-AE0A-77B7A08F29BB}
		{C0D605BD-A54F-C255-E572-F2C9BF160393} = {F6134136-CA9D-4E4C-AE0A-77B7A08F29BB}
		{3C04F877-0F69-347F-EF8E-8D67E6CDC64A} = {F6134136-CA9D-4E4C-AE0A-77B7A08F29BB}
		{FF11692D-46FC-9FAE-768D-24CFF675E033} = {7070966B-F42C-4393-B722-2DC2F4D8DC15}
		{4D85F2AF-20BA-387B-B46A-985F9040ABA9} = {7070966B-F42C-4393-B722-2DC2F4D8DC15}
		{69B7A14B-2A97-3E12-EA58-49759E6936D6} = {7070966B-F42C-4393-B722-2DC2F4D8DC15}
		{6A70A757-0124-6ABC-F9DC-66A5EAA32760} = {7070966B-F42C-4393-B722-2DC2F4D8DC15}
		{52F6FCB2-EDC7-4824-9DB9-1EE34B23BB35} = {93B12365-B601-455D-8BDC-5781D2D79E99}
		{F2147FA6-2281-44E8-B5DF-6DAA096EFB8C} = {52F6FCB2-EDC7-4824-9DB9-1EE34B23BB35}
		{3F38B1F3-0F4C-420E-A3AD-D9239FEC43DE} = {52F6FCB2-EDC7-4824-9DB9-1EE34B23BB35}
		{94937B34-525F-4FCC-91B6-45B85FF5766C} = {52F6FCB2-EDC7-4824-9DB9-1EE34B23BB35}
		{193F14DA-3FF4-43CC-BABB-07CAFF9152B8} = {52F6FCB2-EDC7-4824-9DB9-1EE34B23BB35}
		{10280AD1-47DA-4E2D-9AA7-668EB21B582B} = {93B12365-B601-455D-8BDC-5781D2D79E99}
		{7E859EFC-56C9-42F7-8EAC-1C4558919338} = {10280AD1-47DA-4E2D-9AA7-668EB21B582B}
		{F26E6000-1324-42AE-A1AB-456CF18464A2} = {10280AD1-47DA-4E2D-9AA7-668EB21B582B}
		{1ECF5E40-9E19-4250-8C81-033FDAB1363B} = {10280AD1-47DA-4E2D-9AA7-668EB21B582B}
		{6E79C8C0-162A-469C-A9F0-80B72D5C43AD} = {10280AD1-47DA-4E2D-9AA7-668EB21B582B}
		{506F483E-1B2A-4324-93AE-A9F2F0B7A9A5} = {93B12365-B601-455D-8BDC-5781D2D79E99}
		{9B8D30C0-E48C-4D63-A6AF-5EFF9B3C800F} = {506F483E-1B2A-4324-93AE-A9F2F0B7A9A5}
		{CED6B0E9-0013-4515-8F12-8C9FEF010ACA} = {506F483E-1B2A-4324-93AE-A9F2F0B7A9A5}
		{BD8B7C14-E79A-48D0-BD96-22171E580184} = {506F483E-1B2A-4324-93AE-A9F2F0B7A9A5}
		{3251091B-C263-425E-AE72-55C97A63EA42} = {506F483E-1B2A-4324-93AE-A9F2F0B7A9A5}
		{ABB78735-8F04-435F-ABD2-E68BFC4BBF50} = {93B12365-B601-455D-8BDC-5781D2D79E99}
		{18BEE9F9-56E8-45B7-9AE5-78A007BE3429} = {ABB78735-8F04-435F-ABD2-E68BFC4BBF50}
		{EAABFD08-D679-4664-8DC1-87E7D8521E89} = {ABB78735-8F04-435F-ABD2-E68BFC4BBF50}
		{7199C364-A731-4D50-837B-3E5F358DF836} = {ABB78735-8F04-435F-ABD2-E68BFC4BBF50}
		{6FB90A61-3898-424F-A5F8-8C9617138130} = {ABB78735-8F04-435F-ABD2-E68BFC4BBF50}
		{4F9C9403-EA4E-4A51-AD67-5E91D3597032} = {93B12365-B601-455D-8BDC-5781D2D79E99}
		{9CA12D86-9ADC-4AF9-9826-12D650E074D1} = {4F9C9403-EA4E-4A51-AD67-5E91D3597032}
		{BDB0DE34-A3FF-4404-93E0-4B81537196E8} = {4F9C9403-EA4E-4A51-AD67-5E91D3597032}
		{733EE4AA-6526-499C-B655-D299A65AA325} = {4F9C9403-EA4E-4A51-AD67-5E91D3597032}
		{0C49C3B1-934F-4754-B151-9AC637402366} = {4F9C9403-EA4E-4A51-AD67-5E91D3597032}
		{91FF01CE-86CD-4EF4-89D5-208A181436A2} = {49A8F4E5-0D64-4D2A-8998-3A5AE0381ECD}
		{42966448-0A06-4139-AF1E-CF00DAAD2953} = {91FF01CE-86CD-4EF4-89D5-208A181436A2}
		{39A921AB-1684-40D7-AB06-1378DF12EA4A} = {42966448-0A06-4139-AF1E-CF00DAAD2953}
		{F69F090A-30B0-484A-9BA4-9A25610AA919} = {42966448-0A06-4139-AF1E-CF00DAAD2953}
		{47543C3E-E5C0-4E13-A8E7-B5AE76BBC597} = {42966448-0A06-4139-AF1E-CF00DAAD2953}
		{727D9A13-A5E2-4091-8D6C-32D1C37F28C6} = {42966448-0A06-4139-AF1E-CF00DAAD2953}
		{9C020F3F-7E65-422F-AA41-33DD4E3EA5E5} = {91FF01CE-86CD-4EF4-89D5-208A181436A2}
		{A4DFF0A5-0C01-4BD0-A4B1-7DB135A8E160} = {9C020F3F-7E65-422F-AA41-33DD4E3EA5E5}
		{B0FADDEA-31E0-4081-8ECF-D5927BE0A725} = {9C020F3F-7E65-422F-AA41-33DD4E3EA5E5}
		{31F43995-9355-4A59-BD26-C1B86560459D} = {9C020F3F-7E65-422F-AA41-33DD4E3EA5E5}
		{D4590A57-2C69-40AC-8874-C1402566C222} = {9C020F3F-7E65-422F-AA41-33DD4E3EA5E5}
		{9566A1E6-20F3-4B57-ABC9-82780EBD5654} = {91FF01CE-86CD-4EF4-89D5-208A181436A2}
		{EA8BFAEB-8609-485F-9ACF-CA8F8F397DC1} = {9566A1E6-20F3-4B57-ABC9-82780EBD5654}
		{0C1F176D-3212-4C12-B665-893824DA6B8B} = {9566A1E6-20F3-4B57-ABC9-82780EBD5654}
		{A1D2589E-AEAD-4A68-B0A2-4294DCE08BDC} = {9566A1E6-20F3-4B57-ABC9-82780EBD5654}
		{5C7C989C-862A-4355-9962-15FE613A3FB3} = {9566A1E6-20F3-4B57-ABC9-82780EBD5654}
	EndGlobalSection
	GlobalSection(ExtensibilityGlobals) = postSolution
		SolutionGuid = {B8744328-06DD-40C9-826A-2F1CEDF0732A}
	EndGlobalSection
EndGlobal
