
Microsoft Visual Studio Solution File, Format Version 12.00
# Visual Studio Version 17
VisualStudioVersion = 17.14.36327.8 d17.14
MinimumVisualStudioVersion = 10.0.40219.1
Project("{FAE04EC0-301F-11D3-BF4B-00C04F79EFBC}") = "AbstractFactory-Tests", "AbstractFactory-Tests.csproj", "{CF5AAD07-536C-4DBD-845D-982960B73034}"
EndProject
Project("{FAE04EC0-301F-11D3-BF4B-00C04F79EFBC}") = "AbstractFactory-App", "..\AbstractFactory-App\AbstractFactory-App.csproj", "{732F106D-30C6-421D-B4EC-DCE22E387219}"
EndProject
Project("{FAE04EC0-301F-11D3-BF4B-00C04F79EFBC}") = "AbstractFactory-Implementetion", "..\AbstractFactory-Implementetion\AbstractFactory-Implementetion.csproj", "{34C2AC25-1E1F-1454-2A24-E1A33734FAA0}"
EndProject
Project("{FAE04EC0-301F-11D3-BF4B-00C04F79EFBC}") = "AbstractFactory-Violation", "..\AbstractFactory-Violation\AbstractFactory-Violation.csproj", "{5DEC0A67-F6B7-E567-5223-2D42FD89C154}"
EndProject
Global
	GlobalSection(SolutionConfigurationPlatforms) = preSolution
		Debug|Any CPU = Debug|Any CPU
		Release|Any CPU = Release|Any CPU
	EndGlobalSection
	GlobalSection(ProjectConfigurationPlatforms) = postSolution
		{CF5AAD07-536C-4DBD-845D-982960B73034}.Debug|Any CPU.ActiveCfg = Debug|Any CPU
		{CF5AAD07-536C-4DBD-845D-982960B73034}.Debug|Any CPU.Build.0 = Debug|Any CPU
		{CF5AAD07-536C-4DBD-845D-982960B73034}.Release|Any CPU.ActiveCfg = Release|Any CPU
		{CF5AAD07-536C-4DBD-845D-982960B73034}.Release|Any CPU.Build.0 = Release|Any CPU
		{732F106D-30C6-421D-B4EC-DCE22E387219}.Debug|Any CPU.ActiveCfg = Debug|Any CPU
		{732F106D-30C6-421D-B4EC-DCE22E387219}.Debug|Any CPU.Build.0 = Debug|Any CPU
		{732F106D-30C6-421D-B4EC-DCE22E387219}.Release|Any CPU.ActiveCfg = Release|Any CPU
		{732F106D-30C6-421D-B4EC-DCE22E387219}.Release|Any CPU.Build.0 = Release|Any CPU
		{34C2AC25-1E1F-1454-2A24-E1A33734FAA0}.Debug|Any CPU.ActiveCfg = Debug|Any CPU
		{34C2AC25-1E1F-1454-2A24-E1A33734FAA0}.Debug|Any CPU.Build.0 = Debug|Any CPU
		{34C2AC25-1E1F-1454-2A24-E1A33734FAA0}.Release|Any CPU.ActiveCfg = Release|Any CPU
		{34C2AC25-1E1F-1454-2A24-E1A33734FAA0}.Release|Any CPU.Build.0 = Release|Any CPU
		{5DEC0A67-F6B7-E567-5223-2D42FD89C154}.Debug|Any CPU.ActiveCfg = Debug|Any CPU
		{5DEC0A67-F6B7-E567-5223-2D42FD89C154}.Debug|Any CPU.Build.0 = Debug|Any CPU
		{5DEC0A67-F6B7-E567-5223-2D42FD89C154}.Release|Any CPU.ActiveCfg = Release|Any CPU
		{5DEC0A67-F6B7-E567-5223-2D42FD89C154}.Release|Any CPU.Build.0 = Release|Any CPU
	EndGlobalSection
	GlobalSection(SolutionProperties) = preSolution
		HideSolutionNode = FALSE
	EndGlobalSection
	GlobalSection(ExtensibilityGlobals) = postSolution
		SolutionGuid = {66B8073E-FE3B-4032-A089-90E64283EB5F}
	EndGlobalSection
EndGlobal
