
Microsoft Visual Studio Solution File, Format Version 12.00
# Visual Studio Version 17
VisualStudioVersion = 17.14.36327.8 d17.14
MinimumVisualStudioVersion = 10.0.40219.1
Project("{FAE04EC0-301F-11D3-BF4B-00C04F79EFBC}") = "Flyweight-Implementation", "Flyweight-Implementation.csproj", "{48CB9E3B-9DD2-4CFD-8DA3-961F2E25FB70}"
EndProject
Global
	GlobalSection(SolutionConfigurationPlatforms) = preSolution
		Debug|Any CPU = Debug|Any CPU
		Release|Any CPU = Release|Any CPU
	EndGlobalSection
	GlobalSection(ProjectConfigurationPlatforms) = postSolution
		{48CB9E3B-9DD2-4CFD-8DA3-961F2E25FB70}.Debug|Any CPU.ActiveCfg = Debug|Any CPU
		{48CB9E3B-9DD2-4CFD-8DA3-961F2E25FB70}.Debug|Any CPU.Build.0 = Debug|Any CPU
		{48CB9E3B-9DD2-4CFD-8DA3-961F2E25FB70}.Release|Any CPU.ActiveCfg = Release|Any CPU
		{48CB9E3B-9DD2-4CFD-8DA3-961F2E25FB70}.Release|Any CPU.Build.0 = Release|Any CPU
	EndGlobalSection
	GlobalSection(SolutionProperties) = preSolution
		HideSolutionNode = FALSE
	EndGlobalSection
	GlobalSection(ExtensibilityGlobals) = postSolution
		SolutionGuid = {56C3D62A-5C9A-4DE6-9C6B-F424A66C328C}
	EndGlobalSection
EndGlobal
