
Microsoft Visual Studio Solution File, Format Version 12.00
# Visual Studio Version 17
VisualStudioVersion = 17.14.36327.8 d17.14
MinimumVisualStudioVersion = 10.0.40219.1
Project("{FAE04EC0-301F-11D3-BF4B-00C04F79EFBC}") = "SingletonApp", "SingletonApp.csproj", "{F32D2CF1-B8FB-4ABA-ACB4-AF49B3283DA1}"
EndProject
Project("{FAE04EC0-301F-11D3-BF4B-00C04F79EFBC}") = "Singleton-Implementation", "..\Singleton-Implementation\Singleton-Implementation.csproj", "{8882961A-50F5-4E46-BE01-A6750BBF64F6}"
EndProject
Project("{FAE04EC0-301F-11D3-BF4B-00C04F79EFBC}") = "Singleton-Violation", "..\Singleton-Violation\Singleton-Violation.csproj", "{C313BB28-F11A-48F5-BC2A-DAB75EB86985}"
EndProject
Global
	GlobalSection(SolutionConfigurationPlatforms) = preSolution
		Debug|Any CPU = Debug|Any CPU
		Release|Any CPU = Release|Any CPU
	EndGlobalSection
	GlobalSection(ProjectConfigurationPlatforms) = postSolution
		{F32D2CF1-B8FB-4ABA-ACB4-AF49B3283DA1}.Debug|Any CPU.ActiveCfg = Debug|Any CPU
		{F32D2CF1-B8FB-4ABA-ACB4-AF49B3283DA1}.Debug|Any CPU.Build.0 = Debug|Any CPU
		{F32D2CF1-B8FB-4ABA-ACB4-AF49B3283DA1}.Release|Any CPU.ActiveCfg = Release|Any CPU
		{F32D2CF1-B8FB-4ABA-ACB4-AF49B3283DA1}.Release|Any CPU.Build.0 = Release|Any CPU
		{8882961A-50F5-4E46-BE01-A6750BBF64F6}.Debug|Any CPU.ActiveCfg = Debug|Any CPU
		{8882961A-50F5-4E46-BE01-A6750BBF64F6}.Debug|Any CPU.Build.0 = Debug|Any CPU
		{8882961A-50F5-4E46-BE01-A6750BBF64F6}.Release|Any CPU.ActiveCfg = Release|Any CPU
		{8882961A-50F5-4E46-BE01-A6750BBF64F6}.Release|Any CPU.Build.0 = Release|Any CPU
		{C313BB28-F11A-48F5-BC2A-DAB75EB86985}.Debug|Any CPU.ActiveCfg = Debug|Any CPU
		{C313BB28-F11A-48F5-BC2A-DAB75EB86985}.Debug|Any CPU.Build.0 = Debug|Any CPU
		{C313BB28-F11A-48F5-BC2A-DAB75EB86985}.Release|Any CPU.ActiveCfg = Release|Any CPU
		{C313BB28-F11A-48F5-BC2A-DAB75EB86985}.Release|Any CPU.Build.0 = Release|Any CPU
	EndGlobalSection
	GlobalSection(SolutionProperties) = preSolution
		HideSolutionNode = FALSE
	EndGlobalSection
	GlobalSection(ExtensibilityGlobals) = postSolution
		SolutionGuid = {C639B91E-CF6F-4475-8B7B-A31FA602C833}
	EndGlobalSection
EndGlobal
