
Microsoft Visual Studio Solution File, Format Version 12.00
# Visual Studio Version 17
VisualStudioVersion = 17.14.36327.8 d17.14
MinimumVisualStudioVersion = 10.0.40219.1
Project("{FAE04EC0-301F-11D3-BF4B-00C04F79EFBC}") = "SingleResponsibilityTest", "SingleResponsibilityTest.csproj", "{D83E9979-6AF8-4369-927D-1DEBA88AFF22}"
EndProject
Global
	GlobalSection(SolutionConfigurationPlatforms) = preSolution
		Debug|Any CPU = Debug|Any CPU
		Release|Any CPU = Release|Any CPU
	EndGlobalSection
	GlobalSection(ProjectConfigurationPlatforms) = postSolution
		{D83E9979-6AF8-4369-927D-1DEBA88AFF22}.Debug|Any CPU.ActiveCfg = Debug|Any CPU
		{D83E9979-6AF8-4369-927D-1DEBA88AFF22}.Debug|Any CPU.Build.0 = Debug|Any CPU
		{D83E9979-6AF8-4369-927D-1DEBA88AFF22}.Release|Any CPU.ActiveCfg = Release|Any CPU
		{D83E9979-6AF8-4369-927D-1DEBA88AFF22}.Release|Any CPU.Build.0 = Release|Any CPU
	EndGlobalSection
	GlobalSection(SolutionProperties) = preSolution
		HideSolutionNode = FALSE
	EndGlobalSection
	GlobalSection(ExtensibilityGlobals) = postSolution
		SolutionGuid = {A31872C3-09B5-4623-8A5E-E0B82F4C824D}
	EndGlobalSection
EndGlobal
